
Microsoft Visual Studio Solution File, Format Version 12.00
# Visual Studio Version 17
VisualStudioVersion = 17.7.34031.279
MinimumVisualStudioVersion = 10.0.40219.1
Project("{9A19103F-16F7-4668-BE54-9A1E7A4F7556}") = "Execution", "Execution.csproj", "{29E9880F-A70F-40CE-909E-56AE3E22A8A5}"
EndProject
Global
	GlobalSection(SolutionConfigurationPlatforms) = preSolution
		Debug|Any CPU = Debug|Any CPU
		Release|Any CPU = Release|Any CPU
	EndGlobalSection
	GlobalSection(ProjectConfigurationPlatforms) = postSolution
		{29E9880F-A70F-40CE-909E-56AE3E22A8A5}.Debug|Any CPU.ActiveCfg = Debug|Any CPU
		{29E9880F-A70F-40CE-909E-56AE3E22A8A5}.Debug|Any CPU.Build.0 = Debug|Any CPU
		{29E9880F-A70F-40CE-909E-56AE3E22A8A5}.Release|Any CPU.ActiveCfg = Release|Any CPU
		{29E9880F-A70F-40CE-909E-56AE3E22A8A5}.Release|Any CPU.Build.0 = Release|Any CPU
	EndGlobalSection
	GlobalSection(SolutionProperties) = preSolution
		HideSolutionNode = FALSE
	EndGlobalSection
	GlobalSection(ExtensibilityGlobals) = postSolution
		SolutionGuid = {0890DF91-48F4-4BA6-8936-40B57C4ED5F7}
	EndGlobalSection
EndGlobal
